
Microsoft Visual Studio Solution File, Format Version 12.00
# Visual Studio Version 17
VisualStudioVersion = 17.4.33213.308
MinimumVisualStudioVersion = 10.0.40219.1
Project("{FAE04EC0-301F-11D3-BF4B-00C04F79EFBC}") = "WpfApp_MovingWindow", "WpfApp_MovingWindow\WpfApp_MovingWindow.csproj", "{0E365A78-F323-4C37-95C4-ADBBBBDAA8A4}"
EndProject
Project("{FAE04EC0-301F-11D3-BF4B-00C04F79EFBC}") = "WpfApp_MovingWindow_AsyncAwait", "WpfApp_MovingWindow_AsyncAwait\WpfApp_MovingWindow_AsyncAwait.csproj", "{7A02CA44-9181-4A73-AAA5-ADE3DEEB2662}"
EndProject
Project("{FAE04EC0-301F-11D3-BF4B-00C04F79EFBC}") = "WpfApp_MovingWindow_Timers", "WpfApp_MovingWindow_Timers\WpfApp_MovingWindow_Timers.csproj", "{C11D1687-142A-498A-97E4-529EC0E89098}"
EndProject
Project("{FAE04EC0-301F-11D3-BF4B-00C04F79EFBC}") = "WpfApp_MovingWindow_WinFormsTimers", "WpfApp_MovingWindow_WinFormsTimers\WpfApp_MovingWindow_WinFormsTimers.csproj", "{65ED0AF4-AF2C-4992-B45C-41F355D6C66C}"
EndProject
Project("{FAE04EC0-301F-11D3-BF4B-00C04F79EFBC}") = "WpfApp_MovingWindow_AsyncAwait_EldHasp", "WpfApp_MovingWindow_AsyncAwait_EldHasp\WpfApp_MovingWindow_AsyncAwait_EldHasp.csproj", "{68B7BACD-8695-4F49-AC72-3D29D9D3FBD7}"
EndProject
Project("{FAE04EC0-301F-11D3-BF4B-00C04F79EFBC}") = "Walker", "Walker\Walker.csproj", "{2175641F-A3C4-404C-9F68-BF32C0AD25EC}"
EndProject
Project("{FAE04EC0-301F-11D3-BF4B-00C04F79EFBC}") = "Walker - Smooth", "Walker - Smooth\Walker - Smooth.csproj", "{4D98CD88-C9EA-4C90-9B1A-F944C1A7E110}"
EndProject
Project("{FAE04EC0-301F-11D3-BF4B-00C04F79EFBC}") = "WpfApp_MovingWindow_AsyncAwait_NonLowLevelMouseScanning", "WpfApp_MovingWindow_AsyncAwait_NonLowLevelMouseScanning\WpfApp_MovingWindow_AsyncAwait_NonLowLevelMouseScanning.csproj", "{1433E96D-DB1E-4643-B036-6749D18208C3}"
EndProject
Project("{FAE04EC0-301F-11D3-BF4B-00C04F79EFBC}") = "MovingPopup", "MovingPopup\MovingPopup.csproj", "{D78DC418-3D72-4242-85FD-43417D9F8B9C}"
EndProject
Project("{FAE04EC0-301F-11D3-BF4B-00C04F79EFBC}") = "FilePreviewAdornerTest", "FilePreviewAdornerTest\FilePreviewAdornerTest.csproj", "{97021D44-EA7F-4BCE-99A8-F6D54F4AC9B2}"
EndProject
Project("{FAE04EC0-301F-11D3-BF4B-00C04F79EFBC}") = "FilePreviewAdornerTest2", "FilePreviewAdornerTest2\FilePreviewAdornerTest2.csproj", "{8DD2066C-D078-49D8-A73A-2A5C7CF234D3}"
EndProject
Project("{FAE04EC0-301F-11D3-BF4B-00C04F79EFBC}") = "GiveFeedbackTest", "GiveFeedbackTest\GiveFeedbackTest.csproj", "{4A9F0193-B469-4407-A58D-8C896D12011C}"
EndProject
Project("{FAE04EC0-301F-11D3-BF4B-00C04F79EFBC}") = "TaskRunPopupTest", "TaskRunPopupTest\TaskRunPopupTest.csproj", "{25CD564C-8F39-4AFD-A976-6EEB9C77358D}"
EndProject
Project("{FAE04EC0-301F-11D3-BF4B-00C04F79EFBC}") = "TaskRunPopupTest2", "TaskRunPopupTest2\TaskRunPopupTest2.csproj", "{B59DF629-AC50-41CD-960E-C8D64B82EE7F}"
EndProject
Project("{FAE04EC0-301F-11D3-BF4B-00C04F79EFBC}") = "TaskRunPopupTestSmooth", "TaskRunPopupTestSmooth\TaskRunPopupTestSmooth.csproj", "{839323E0-AAAD-4D40-8C1A-4710A84DF0A7}"
EndProject
Project("{FAE04EC0-301F-11D3-BF4B-00C04F79EFBC}") = "TaskRunPopupTestSmoothInvisWindow", "TaskRunPopupTestSmoothInvisWindow\TaskRunPopupTestSmoothInvisWindow.csproj", "{D8961463-476F-4C4B-9C01-8070700A84B9}"
EndProject
Project("{FAE04EC0-301F-11D3-BF4B-00C04F79EFBC}") = "TaskRunWindowTestSmooth", "TaskRunWindowTestSmooth\TaskRunWindowTestSmooth.csproj", "{0DDDA6DD-300E-4887-9322-5D03FC3DE258}"
EndProject
Project("{FAE04EC0-301F-11D3-BF4B-00C04F79EFBC}") = "TaskRunToolTipTestSmooth", "TaskRunToolTipTestSmooth\TaskRunToolTipTestSmooth.csproj", "{1C3D4A62-9644-453B-9F54-76837713D682}"
EndProject
Project("{FAE04EC0-301F-11D3-BF4B-00C04F79EFBC}") = "ToolTips", "ToolTips\ToolTips.csproj", "{B41948C5-CB3D-4DFE-85C7-CF7B683D203C}"
EndProject
Project("{FAE04EC0-301F-11D3-BF4B-00C04F79EFBC}") = "AdornerTest", "AdornerTest\AdornerTest.csproj", "{FF81F43F-151D-41FA-A6E5-2927F5C08C1C}"
EndProject
Project("{FAE04EC0-301F-11D3-BF4B-00C04F79EFBC}") = "AdornerTest2", "AdornerTest2\AdornerTest2.csproj", "{9C576518-E952-438D-81CF-F104F3B3C7AE}"
EndProject
Project("{FAE04EC0-301F-11D3-BF4B-00C04F79EFBC}") = "AdornerTest3", "AdornerTest3\AdornerTest3.csproj", "{15A1BB6E-E33D-4EBD-B2FF-473762862885}"
EndProject
Project("{FAE04EC0-301F-11D3-BF4B-00C04F79EFBC}") = "TaskRunWindowTestSmooth_SizeToContent", "TaskRunWindowTestSmooth_SizeToContent\TaskRunWindowTestSmooth_SizeToContent.csproj", "{A6A7B3C8-2130-4C43-8116-2BBB355744AF}"
EndProject
Global
	GlobalSection(SolutionConfigurationPlatforms) = preSolution
		Debug|Any CPU = Debug|Any CPU
		Release|Any CPU = Release|Any CPU
	EndGlobalSection
	GlobalSection(ProjectConfigurationPlatforms) = postSolution
		{0E365A78-F323-4C37-95C4-ADBBBBDAA8A4}.Debug|Any CPU.ActiveCfg = Debug|Any CPU
		{0E365A78-F323-4C37-95C4-ADBBBBDAA8A4}.Debug|Any CPU.Build.0 = Debug|Any CPU
		{0E365A78-F323-4C37-95C4-ADBBBBDAA8A4}.Release|Any CPU.ActiveCfg = Release|Any CPU
		{0E365A78-F323-4C37-95C4-ADBBBBDAA8A4}.Release|Any CPU.Build.0 = Release|Any CPU
		{7A02CA44-9181-4A73-AAA5-ADE3DEEB2662}.Debug|Any CPU.ActiveCfg = Debug|Any CPU
		{7A02CA44-9181-4A73-AAA5-ADE3DEEB2662}.Debug|Any CPU.Build.0 = Debug|Any CPU
		{7A02CA44-9181-4A73-AAA5-ADE3DEEB2662}.Release|Any CPU.ActiveCfg = Release|Any CPU
		{7A02CA44-9181-4A73-AAA5-ADE3DEEB2662}.Release|Any CPU.Build.0 = Release|Any CPU
		{C11D1687-142A-498A-97E4-529EC0E89098}.Debug|Any CPU.ActiveCfg = Debug|Any CPU
		{C11D1687-142A-498A-97E4-529EC0E89098}.Debug|Any CPU.Build.0 = Debug|Any CPU
		{C11D1687-142A-498A-97E4-529EC0E89098}.Release|Any CPU.ActiveCfg = Release|Any CPU
		{C11D1687-142A-498A-97E4-529EC0E89098}.Release|Any CPU.Build.0 = Release|Any CPU
		{65ED0AF4-AF2C-4992-B45C-41F355D6C66C}.Debug|Any CPU.ActiveCfg = Debug|Any CPU
		{65ED0AF4-AF2C-4992-B45C-41F355D6C66C}.Debug|Any CPU.Build.0 = Debug|Any CPU
		{65ED0AF4-AF2C-4992-B45C-41F355D6C66C}.Release|Any CPU.ActiveCfg = Release|Any CPU
		{65ED0AF4-AF2C-4992-B45C-41F355D6C66C}.Release|Any CPU.Build.0 = Release|Any CPU
		{68B7BACD-8695-4F49-AC72-3D29D9D3FBD7}.Debug|Any CPU.ActiveCfg = Debug|Any CPU
		{68B7BACD-8695-4F49-AC72-3D29D9D3FBD7}.Debug|Any CPU.Build.0 = Debug|Any CPU
		{68B7BACD-8695-4F49-AC72-3D29D9D3FBD7}.Release|Any CPU.ActiveCfg = Release|Any CPU
		{68B7BACD-8695-4F49-AC72-3D29D9D3FBD7}.Release|Any CPU.Build.0 = Release|Any CPU
		{2175641F-A3C4-404C-9F68-BF32C0AD25EC}.Debug|Any CPU.ActiveCfg = Debug|Any CPU
		{2175641F-A3C4-404C-9F68-BF32C0AD25EC}.Debug|Any CPU.Build.0 = Debug|Any CPU
		{2175641F-A3C4-404C-9F68-BF32C0AD25EC}.Release|Any CPU.ActiveCfg = Release|Any CPU
		{2175641F-A3C4-404C-9F68-BF32C0AD25EC}.Release|Any CPU.Build.0 = Release|Any CPU
		{4D98CD88-C9EA-4C90-9B1A-F944C1A7E110}.Debug|Any CPU.ActiveCfg = Debug|Any CPU
		{4D98CD88-C9EA-4C90-9B1A-F944C1A7E110}.Debug|Any CPU.Build.0 = Debug|Any CPU
		{4D98CD88-C9EA-4C90-9B1A-F944C1A7E110}.Release|Any CPU.ActiveCfg = Release|Any CPU
		{4D98CD88-C9EA-4C90-9B1A-F944C1A7E110}.Release|Any CPU.Build.0 = Release|Any CPU
		{1433E96D-DB1E-4643-B036-6749D18208C3}.Debug|Any CPU.ActiveCfg = Debug|Any CPU
		{1433E96D-DB1E-4643-B036-6749D18208C3}.Debug|Any CPU.Build.0 = Debug|Any CPU
		{1433E96D-DB1E-4643-B036-6749D18208C3}.Release|Any CPU.ActiveCfg = Release|Any CPU
		{1433E96D-DB1E-4643-B036-6749D18208C3}.Release|Any CPU.Build.0 = Release|Any CPU
		{D78DC418-3D72-4242-85FD-43417D9F8B9C}.Debug|Any CPU.ActiveCfg = Debug|Any CPU
		{D78DC418-3D72-4242-85FD-43417D9F8B9C}.Debug|Any CPU.Build.0 = Debug|Any CPU
		{D78DC418-3D72-4242-85FD-43417D9F8B9C}.Release|Any CPU.ActiveCfg = Release|Any CPU
		{D78DC418-3D72-4242-85FD-43417D9F8B9C}.Release|Any CPU.Build.0 = Release|Any CPU
		{97021D44-EA7F-4BCE-99A8-F6D54F4AC9B2}.Debug|Any CPU.ActiveCfg = Debug|Any CPU
		{97021D44-EA7F-4BCE-99A8-F6D54F4AC9B2}.Debug|Any CPU.Build.0 = Debug|Any CPU
		{97021D44-EA7F-4BCE-99A8-F6D54F4AC9B2}.Release|Any CPU.ActiveCfg = Release|Any CPU
		{97021D44-EA7F-4BCE-99A8-F6D54F4AC9B2}.Release|Any CPU.Build.0 = Release|Any CPU
		{8DD2066C-D078-49D8-A73A-2A5C7CF234D3}.Debug|Any CPU.ActiveCfg = Debug|Any CPU
		{8DD2066C-D078-49D8-A73A-2A5C7CF234D3}.Debug|Any CPU.Build.0 = Debug|Any CPU
		{8DD2066C-D078-49D8-A73A-2A5C7CF234D3}.Release|Any CPU.ActiveCfg = Release|Any CPU
		{8DD2066C-D078-49D8-A73A-2A5C7CF234D3}.Release|Any CPU.Build.0 = Release|Any CPU
		{4A9F0193-B469-4407-A58D-8C896D12011C}.Debug|Any CPU.ActiveCfg = Debug|Any CPU
		{4A9F0193-B469-4407-A58D-8C896D12011C}.Debug|Any CPU.Build.0 = Debug|Any CPU
		{4A9F0193-B469-4407-A58D-8C896D12011C}.Release|Any CPU.ActiveCfg = Release|Any CPU
		{4A9F0193-B469-4407-A58D-8C896D12011C}.Release|Any CPU.Build.0 = Release|Any CPU
		{25CD564C-8F39-4AFD-A976-6EEB9C77358D}.Debug|Any CPU.ActiveCfg = Debug|Any CPU
		{25CD564C-8F39-4AFD-A976-6EEB9C77358D}.Debug|Any CPU.Build.0 = Debug|Any CPU
		{25CD564C-8F39-4AFD-A976-6EEB9C77358D}.Release|Any CPU.ActiveCfg = Release|Any CPU
		{25CD564C-8F39-4AFD-A976-6EEB9C77358D}.Release|Any CPU.Build.0 = Release|Any CPU
		{B59DF629-AC50-41CD-960E-C8D64B82EE7F}.Debug|Any CPU.ActiveCfg = Debug|Any CPU
		{B59DF629-AC50-41CD-960E-C8D64B82EE7F}.Debug|Any CPU.Build.0 = Debug|Any CPU
		{B59DF629-AC50-41CD-960E-C8D64B82EE7F}.Release|Any CPU.ActiveCfg = Release|Any CPU
		{B59DF629-AC50-41CD-960E-C8D64B82EE7F}.Release|Any CPU.Build.0 = Release|Any CPU
		{839323E0-AAAD-4D40-8C1A-4710A84DF0A7}.Debug|Any CPU.ActiveCfg = Debug|Any CPU
		{839323E0-AAAD-4D40-8C1A-4710A84DF0A7}.Debug|Any CPU.Build.0 = Debug|Any CPU
		{839323E0-AAAD-4D40-8C1A-4710A84DF0A7}.Release|Any CPU.ActiveCfg = Release|Any CPU
		{839323E0-AAAD-4D40-8C1A-4710A84DF0A7}.Release|Any CPU.Build.0 = Release|Any CPU
		{D8961463-476F-4C4B-9C01-8070700A84B9}.Debug|Any CPU.ActiveCfg = Debug|Any CPU
		{D8961463-476F-4C4B-9C01-8070700A84B9}.Debug|Any CPU.Build.0 = Debug|Any CPU
		{D8961463-476F-4C4B-9C01-8070700A84B9}.Release|Any CPU.ActiveCfg = Release|Any CPU
		{D8961463-476F-4C4B-9C01-8070700A84B9}.Release|Any CPU.Build.0 = Release|Any CPU
		{0DDDA6DD-300E-4887-9322-5D03FC3DE258}.Debug|Any CPU.ActiveCfg = Debug|Any CPU
		{0DDDA6DD-300E-4887-9322-5D03FC3DE258}.Debug|Any CPU.Build.0 = Debug|Any CPU
		{0DDDA6DD-300E-4887-9322-5D03FC3DE258}.Release|Any CPU.ActiveCfg = Release|Any CPU
		{0DDDA6DD-300E-4887-9322-5D03FC3DE258}.Release|Any CPU.Build.0 = Release|Any CPU
		{1C3D4A62-9644-453B-9F54-76837713D682}.Debug|Any CPU.ActiveCfg = Debug|Any CPU
		{1C3D4A62-9644-453B-9F54-76837713D682}.Debug|Any CPU.Build.0 = Debug|Any CPU
		{1C3D4A62-9644-453B-9F54-76837713D682}.Release|Any CPU.ActiveCfg = Release|Any CPU
		{1C3D4A62-9644-453B-9F54-76837713D682}.Release|Any CPU.Build.0 = Release|Any CPU
		{B41948C5-CB3D-4DFE-85C7-CF7B683D203C}.Debug|Any CPU.ActiveCfg = Debug|Any CPU
		{B41948C5-CB3D-4DFE-85C7-CF7B683D203C}.Debug|Any CPU.Build.0 = Debug|Any CPU
		{B41948C5-CB3D-4DFE-85C7-CF7B683D203C}.Release|Any CPU.ActiveCfg = Release|Any CPU
		{B41948C5-CB3D-4DFE-85C7-CF7B683D203C}.Release|Any CPU.Build.0 = Release|Any CPU
		{FF81F43F-151D-41FA-A6E5-2927F5C08C1C}.Debug|Any CPU.ActiveCfg = Debug|Any CPU
		{FF81F43F-151D-41FA-A6E5-2927F5C08C1C}.Debug|Any CPU.Build.0 = Debug|Any CPU
		{FF81F43F-151D-41FA-A6E5-2927F5C08C1C}.Release|Any CPU.ActiveCfg = Release|Any CPU
		{FF81F43F-151D-41FA-A6E5-2927F5C08C1C}.Release|Any CPU.Build.0 = Release|Any CPU
		{9C576518-E952-438D-81CF-F104F3B3C7AE}.Debug|Any CPU.ActiveCfg = Debug|Any CPU
		{9C576518-E952-438D-81CF-F104F3B3C7AE}.Debug|Any CPU.Build.0 = Debug|Any CPU
		{9C576518-E952-438D-81CF-F104F3B3C7AE}.Release|Any CPU.ActiveCfg = Release|Any CPU
		{9C576518-E952-438D-81CF-F104F3B3C7AE}.Release|Any CPU.Build.0 = Release|Any CPU
		{15A1BB6E-E33D-4EBD-B2FF-473762862885}.Debug|Any CPU.ActiveCfg = Debug|Any CPU
		{15A1BB6E-E33D-4EBD-B2FF-473762862885}.Debug|Any CPU.Build.0 = Debug|Any CPU
		{15A1BB6E-E33D-4EBD-B2FF-473762862885}.Release|Any CPU.ActiveCfg = Release|Any CPU
		{15A1BB6E-E33D-4EBD-B2FF-473762862885}.Release|Any CPU.Build.0 = Release|Any CPU
		{A6A7B3C8-2130-4C43-8116-2BBB355744AF}.Debug|Any CPU.ActiveCfg = Debug|Any CPU
		{A6A7B3C8-2130-4C43-8116-2BBB355744AF}.Debug|Any CPU.Build.0 = Debug|Any CPU
		{A6A7B3C8-2130-4C43-8116-2BBB355744AF}.Release|Any CPU.ActiveCfg = Release|Any CPU
		{A6A7B3C8-2130-4C43-8116-2BBB355744AF}.Release|Any CPU.Build.0 = Release|Any CPU
	EndGlobalSection
	GlobalSection(SolutionProperties) = preSolution
		HideSolutionNode = FALSE
	EndGlobalSection
	GlobalSection(ExtensibilityGlobals) = postSolution
		SolutionGuid = {4F3C363D-6B4B-40A4-8747-3E4B5CA8B730}
	EndGlobalSection
EndGlobal
